
Microsoft Visual Studio Solution File, Format Version 12.00
# Visual Studio Version 16
VisualStudioVersion = 16.0.31727.386
MinimumVisualStudioVersion = 10.0.40219.1
Project("{9A19103F-16F7-4668-BE54-9A1E7A4F7556}") = "UParking", "UParking\UParking.csproj", "{F787730C-95D1-4D47-8DFC-D55BFF3BCF56}"
EndProject
Project("{FAE04EC0-301F-11D3-BF4B-00C04F79EFBC}") = "UParkingWebAPI", "UParkingWebAPI\UParkingWebAPI.csproj", "{88DCD63C-5B17-4C9D-9408-05E4879F745F}"
EndProject
Global
	GlobalSection(SolutionConfigurationPlatforms) = preSolution
		Debug|Any CPU = Debug|Any CPU
		Release|Any CPU = Release|Any CPU
	EndGlobalSection
	GlobalSection(ProjectConfigurationPlatforms) = postSolution
		{F787730C-95D1-4D47-8DFC-D55BFF3BCF56}.Debug|Any CPU.ActiveCfg = Debug|Any CPU
		{F787730C-95D1-4D47-8DFC-D55BFF3BCF56}.Debug|Any CPU.Build.0 = Debug|Any CPU
		{F787730C-95D1-4D47-8DFC-D55BFF3BCF56}.Release|Any CPU.ActiveCfg = Release|Any CPU
		{F787730C-95D1-4D47-8DFC-D55BFF3BCF56}.Release|Any CPU.Build.0 = Release|Any CPU
		{88DCD63C-5B17-4C9D-9408-05E4879F745F}.Debug|Any CPU.ActiveCfg = Debug|Any CPU
		{88DCD63C-5B17-4C9D-9408-05E4879F745F}.Debug|Any CPU.Build.0 = Debug|Any CPU
		{88DCD63C-5B17-4C9D-9408-05E4879F745F}.Release|Any CPU.ActiveCfg = Release|Any CPU
		{88DCD63C-5B17-4C9D-9408-05E4879F745F}.Release|Any CPU.Build.0 = Release|Any CPU
	EndGlobalSection
	GlobalSection(SolutionProperties) = preSolution
		HideSolutionNode = FALSE
	EndGlobalSection
	GlobalSection(ExtensibilityGlobals) = postSolution
		SolutionGuid = {8DEC9B87-8CEC-4B43-9D58-A73C70E3E472}
	EndGlobalSection
EndGlobal
